// !$*UTF8*$!
{
	archiveVersion = 1;
	classes = {
	};
	objectVersion = 54;
	objects = {

/* Begin PBXBuildFile section */
		1PMH1LA8QRZ14CFGE0E3X92R /* Pods_RunnerTests.framework in Frameworks */ = {isa = PBXBuildFile; fileRef = YS1CFPNBLZ60TAX35H8335L2 /* Pods_RunnerTests.framework */; };
		2F0WCLHDHL517N1B3O18DJAL /* AppFrameworkInfo.plist in Resources */ = {isa = PBXBuildFile; fileRef = TAX8F0KGB5BJ33XMPFSSDQPW /* AppFrameworkInfo.plist */; };
		8417EC842F334D4600B29032 /* StoreKit.framework in Frameworks */ = {isa = PBXBuildFile; fileRef = 8417EC832F334D4600B29032 /* StoreKit.framework */; };
		CXGVNS85JSJ4OWTIG8AJHYR3 /* AppDelegate.swift in Sources */ = {isa = PBXBuildFile; fileRef = EM3SH6VW5EP62IYS3D8Z6XPQ /* AppDelegate.swift */; };
		FARZ0K6LBT4MBKN455GKYH43 /* Main.storyboard in Resources */ = {isa = PBXBuildFile; fileRef = ANTZSB00LIBLJX96DLQU6SFI /* Main.storyboard */; };
		HPLDVDOGO86DDEED518HTXD7 /* Pods_Runner.framework in Frameworks */ = {isa = PBXBuildFile; fileRef = QH92SII1PVAI99QRH01095F2 /* Pods_Runner.framework */; };
		JFLW31V70XDG07OLP60A9TYY /* LaunchScreen.storyboard in Resources */ = {isa = PBXBuildFile; fileRef = A683RQZ47A7Y2KC2ORURU4YU /* LaunchScreen.storyboard */; };
		M8T6SKD32W83KABSNMUZ9G2H /* Assets.xcassets in Resources */ = {isa = PBXBuildFile; fileRef = RNI2MPKMHDDL8PCPX8P46EMZ /* Assets.xcassets */; };
		NRZGC3FSKJH9UMZ32TALHBLS /* RunnerTests.swift in Sources */ = {isa = PBXBuildFile; fileRef = 2QX1A781P4J565EVYL4I18YG /* RunnerTests.swift */; };
		XX2N0WAP0VN86M7PWTJODHXF /* GeneratedPluginRegistrant.m in Sources */ = {isa = PBXBuildFile; fileRef = Y2PT9H9L0KOTG1MPVPOOD9D7 /* GeneratedPluginRegistrant.m */; };
/* End PBXBuildFile section */

/* Begin PBXContainerItemProxy section */
		YAK3DYX8N9XHKDDX0ETTN6S1 /* PBXContainerItemProxy */ = {
			isa = PBXContainerItemProxy;
			containerPortal = E7RYXSFP9UZ7T21E14MIMK2H /* Project object */;
			proxyType = 1;
			remoteGlobalIDString = U8GH2DAAC6WYJB9ZIB69TTVW;
			remoteInfo = Runner;
		};
/* End PBXContainerItemProxy section */

/* Begin PBXCopyFilesBuildPhase section */
		LPYJJMU0FCIYI4LCF4F3A79N /* Embed Frameworks */ = {
			isa = PBXCopyFilesBuildPhase;
			buildActionMask = 2147483647;
			dstPath = "";
			dstSubfolderSpec = 10;
			files = (
			);
			name = "Embed Frameworks";
			runOnlyForDeploymentPostprocessing = 0;
		};
/* End PBXCopyFilesBuildPhase section */

/* Begin PBXFileReference section */
		0O3OWLONZDTCJ4JORU55MQSA /* Pods-RunnerTests.profile.xcconfig */ = {isa = PBXFileReference; includeInIndex = 1; lastKnownFileType = text.xcconfig; name = "Pods-RunnerTests.profile.xcconfig"; path = "Target Support Files/Pods-RunnerTests/Pods-RunnerTests.profile.xcconfig"; sourceTree = "<group>"; };
		2QX1A781P4J565EVYL4I18YG /* RunnerTests.swift */ = {isa = PBXFileReference; lastKnownFileType = sourcecode.swift; path = RunnerTests.swift; sourceTree = "<group>"; };
		3BZBBPF846USPMD0NCG8YDWT /* Runner.app */ = {isa = PBXFileReference; explicitFileType = wrapper.application; includeInIndex = 0; path = Runner.app; sourceTree = BUILT_PRODUCTS_DIR; };
		5ARPQ80ZY5G58IQCXYD5DFDK /* Base */ = {isa = PBXFileReference; lastKnownFileType = file.storyboard; name = Base; path = Base.lproj/Main.storyboard; sourceTree = "<group>"; };
		7PLOPF1Y6XEHZP8PMH7GKCV0 /* Generated.xcconfig */ = {isa = PBXFileReference; fileEncoding = 4; lastKnownFileType = text.xcconfig; name = Generated.xcconfig; path = Flutter/Generated.xcconfig; sourceTree = "<group>"; };
		8417EC832F334D4600B29032 /* StoreKit.framework */ = {isa = PBXFileReference; lastKnownFileType = wrapper.framework; name = StoreKit.framework; path = System/Library/Frameworks/StoreKit.framework; sourceTree = SDKROOT; };
		9A356UQ8PND4UXQ758MT93S3 /* Pods-Runner.release.xcconfig */ = {isa = PBXFileReference; includeInIndex = 1; lastKnownFileType = text.xcconfig; name = "Pods-Runner.release.xcconfig"; path = "Target Support Files/Pods-Runner/Pods-Runner.release.xcconfig"; sourceTree = "<group>"; };
		9GW1ZBM9NNAMY6GQX3B9L766 /* Release.xcconfig */ = {isa = PBXFileReference; lastKnownFileType = text.xcconfig; name = Release.xcconfig; path = Flutter/Release.xcconfig; sourceTree = "<group>"; };
		9UY5LRXWJ8QZGXVC6N4ML5DL /* Pods-RunnerTests.release.xcconfig */ = {isa = PBXFileReference; includeInIndex = 1; lastKnownFileType = text.xcconfig; name = "Pods-RunnerTests.release.xcconfig"; path = "Target Support Files/Pods-RunnerTests/Pods-RunnerTests.release.xcconfig"; sourceTree = "<group>"; };
		B2XV37PG9BB7IQ8CRND0V85T /* Runner-Bridging-Header.h */ = {isa = PBXFileReference; lastKnownFileType = sourcecode.c.h; path = "Runner-Bridging-Header.h"; sourceTree = "<group>"; };
		C8SUTNRU0T1242JZE06E3VRG /* Pods-Runner.profile.xcconfig */ = {isa = PBXFileReference; includeInIndex = 1; lastKnownFileType = text.xcconfig; name = "Pods-Runner.profile.xcconfig"; path = "Target Support Files/Pods-Runner/Pods-Runner.profile.xcconfig"; sourceTree = "<group>"; };
		E799WDPDLBSP4G03HAMY8I9K /* Debug.xcconfig */ = {isa = PBXFileReference; fileEncoding = 4; lastKnownFileType = text.xcconfig; name = Debug.xcconfig; path = Flutter/Debug.xcconfig; sourceTree = "<group>"; };
		EL4OKFAFLZWM8M4BXFRECNNW /* RunnerTests.xctest */ = {isa = PBXFileReference; explicitFileType = wrapper.cfbundle; includeInIndex = 0; path = RunnerTests.xctest; sourceTree = BUILT_PRODUCTS_DIR; };
		EM3SH6VW5EP62IYS3D8Z6XPQ /* AppDelegate.swift */ = {isa = PBXFileReference; fileEncoding = 4; lastKnownFileType = sourcecode.swift; path = AppDelegate.swift; sourceTree = "<group>"; };
		LJXE4VSGEZ8LYWUBNFMFTD6H /* Info.plist */ = {isa = PBXFileReference; lastKnownFileType = text.plist.xml; path = Info.plist; sourceTree = "<group>"; };
		N74AV6NRLHIZVQM37RTLGXFB /* GeneratedPluginRegistrant.h */ = {isa = PBXFileReference; lastKnownFileType = sourcecode.c.h; path = GeneratedPluginRegistrant.h; sourceTree = "<group>"; };
		OHOCVIC0S0EG6WC2N6D0CH2J /* Pods-Runner.debug.xcconfig */ = {isa = PBXFileReference; includeInIndex = 1; lastKnownFileType = text.xcconfig; name = "Pods-Runner.debug.xcconfig"; path = "Target Support Files/Pods-Runner/Pods-Runner.debug.xcconfig"; sourceTree = "<group>"; };
		QH92SII1PVAI99QRH01095F2 /* Pods_Runner.framework */ = {isa = PBXFileReference; explicitFileType = wrapper.framework; includeInIndex = 0; path = Pods_Runner.framework; sourceTree = BUILT_PRODUCTS_DIR; };
		RNI2MPKMHDDL8PCPX8P46EMZ /* Assets.xcassets */ = {isa = PBXFileReference; lastKnownFileType = folder.assetcatalog; path = Assets.xcassets; sourceTree = "<group>"; };
		TAX8F0KGB5BJ33XMPFSSDQPW /* AppFrameworkInfo.plist */ = {isa = PBXFileReference; fileEncoding = 4; lastKnownFileType = text.plist.xml; name = AppFrameworkInfo.plist; path = Flutter/AppFrameworkInfo.plist; sourceTree = "<group>"; };
		W0D6B65R2WY3BCB81LVVY4CT /* Base */ = {isa = PBXFileReference; lastKnownFileType = file.storyboard; name = Base; path = Base.lproj/LaunchScreen.storyboard; sourceTree = "<group>"; };
		Y2PT9H9L0KOTG1MPVPOOD9D7 /* GeneratedPluginRegistrant.m */ = {isa = PBXFileReference; fileEncoding = 4; lastKnownFileType = sourcecode.c.objc; path = GeneratedPluginRegistrant.m; sourceTree = "<group>"; };
		Y7HO95W52WASQWGKLP78HGV6 /* Pods-RunnerTests.debug.xcconfig */ = {isa = PBXFileReference; includeInIndex = 1; lastKnownFileType = text.xcconfig; name = "Pods-RunnerTests.debug.xcconfig"; path = "Target Support Files/Pods-RunnerTests/Pods-RunnerTests.debug.xcconfig"; sourceTree = "<group>"; };
		YS1CFPNBLZ60TAX35H8335L2 /* Pods_RunnerTests.framework */ = {isa = PBXFileReference; explicitFileType = wrapper.framework; includeInIndex = 0; path = Pods_RunnerTests.framework; sourceTree = BUILT_PRODUCTS_DIR; };
/* End PBXFileReference section */

/* Begin PBXFrameworksBuildPhase section */
		6EN9V1HK8V1PMBK7I93PHW6G /* Frameworks */ = {
			isa = PBXFrameworksBuildPhase;
			buildActionMask = 2147483647;
			files = (
				HPLDVDOGO86DDEED518HTXD7 /* Pods_Runner.framework in Frameworks */,
				8417EC842F334D4600B29032 /* StoreKit.framework in Frameworks */,
			);
			runOnlyForDeploymentPostprocessing = 0;
		};
		8OWOSJ4913JPJMN4JT00M034 /* Frameworks */ = {
			isa = PBXFrameworksBuildPhase;
			buildActionMask = 2147483647;
			files = (
				1PMH1LA8QRZ14CFGE0E3X92R /* Pods_RunnerTests.framework in Frameworks */,
			);
			runOnlyForDeploymentPostprocessing = 0;
		};
/* End PBXFrameworksBuildPhase section */

/* Begin PBXGroup section */
		2XEDRNS6QC5YT7NHBEIPEK3I /* Frameworks */ = {
			isa = PBXGroup;
			children = (
				8417EC832F334D4600B29032 /* StoreKit.framework */,
				QH92SII1PVAI99QRH01095F2 /* Pods_Runner.framework */,
				YS1CFPNBLZ60TAX35H8335L2 /* Pods_RunnerTests.framework */,
			);
			name = Frameworks;
			sourceTree = "<group>";
		};
		8F1YA6I7EV21U25GUR5W4GB0 /* Runner */ = {
			isa = PBXGroup;
			children = (
				ANTZSB00LIBLJX96DLQU6SFI /* Main.storyboard */,
				RNI2MPKMHDDL8PCPX8P46EMZ /* Assets.xcassets */,
				N74AV6NRLHIZVQM37RTLGXFB /* GeneratedPluginRegistrant.h */,
				Y2PT9H9L0KOTG1MPVPOOD9D7 /* GeneratedPluginRegistrant.m */,
				LJXE4VSGEZ8LYWUBNFMFTD6H /* Info.plist */,
				EM3SH6VW5EP62IYS3D8Z6XPQ /* AppDelegate.swift */,
				B2XV37PG9BB7IQ8CRND0V85T /* Runner-Bridging-Header.h */,
				A683RQZ47A7Y2KC2ORURU4YU /* LaunchScreen.storyboard */,
			);
			path = Runner;
			sourceTree = "<group>";
		};
		HZFAJ1VRBSI3JCI4IZUK7S2A /* Flutter */ = {
			isa = PBXGroup;
			children = (
				TAX8F0KGB5BJ33XMPFSSDQPW /* AppFrameworkInfo.plist */,
				E799WDPDLBSP4G03HAMY8I9K /* Debug.xcconfig */,
				9GW1ZBM9NNAMY6GQX3B9L766 /* Release.xcconfig */,
				7PLOPF1Y6XEHZP8PMH7GKCV0 /* Generated.xcconfig */,
			);
			name = Flutter;
			sourceTree = "<group>";
		};
		Q6XF9GP86423O1PNUUPJV96P /* RunnerTests */ = {
			isa = PBXGroup;
			children = (
				2QX1A781P4J565EVYL4I18YG /* RunnerTests.swift */,
			);
			path = RunnerTests;
			sourceTree = "<group>";
		};
		QA2G6JWR93AJPWU3RNM67T0R = {
			isa = PBXGroup;
			children = (
				X40J21BD21SUJEF6ESWL2XIX /* Pods */,
				HZFAJ1VRBSI3JCI4IZUK7S2A /* Flutter */,
				2XEDRNS6QC5YT7NHBEIPEK3I /* Frameworks */,
				Q6XF9GP86423O1PNUUPJV96P /* RunnerTests */,
				8F1YA6I7EV21U25GUR5W4GB0 /* Runner */,
				R18UGT8L51HK5O6MU4KRE4XD /* Products */,
			);
			sourceTree = "<group>";
		};
		R18UGT8L51HK5O6MU4KRE4XD /* Products */ = {
			isa = PBXGroup;
			children = (
				3BZBBPF846USPMD0NCG8YDWT /* Runner.app */,
				EL4OKFAFLZWM8M4BXFRECNNW /* RunnerTests.xctest */,
			);
			name = Products;
			sourceTree = "<group>";
		};
		X40J21BD21SUJEF6ESWL2XIX /* Pods */ = {
			isa = PBXGroup;
			children = (
				C8SUTNRU0T1242JZE06E3VRG /* Pods-Runner.profile.xcconfig */,
				9A356UQ8PND4UXQ758MT93S3 /* Pods-Runner.release.xcconfig */,
				Y7HO95W52WASQWGKLP78HGV6 /* Pods-RunnerTests.debug.xcconfig */,
				OHOCVIC0S0EG6WC2N6D0CH2J /* Pods-Runner.debug.xcconfig */,
				9UY5LRXWJ8QZGXVC6N4ML5DL /* Pods-RunnerTests.release.xcconfig */,
				0O3OWLONZDTCJ4JORU55MQSA /* Pods-RunnerTests.profile.xcconfig */,
			);
			path = Pods;
			sourceTree = "<group>";
		};
/* End PBXGroup section */

/* Begin PBXNativeTarget section */
		IM1URKZBBIQ8KNB433407SGZ /* RunnerTests */ = {
			isa = PBXNativeTarget;
			buildConfigurationList = 6NDGGPRSHJT37ZFQP7OSD7X3 /* Build configuration list for PBXNativeTarget "RunnerTests" */;
			buildPhases = (
				QEQBNUZB6B9N24W1MXJAAV9X /* [CP] Check Pods Manifest.lock */,
				0SOM3FGYFARZ5JY324Z713NU /* Sources */,
				8E29Z5MAMLD24MEF8DW7KT4Y /* Resources */,
				8OWOSJ4913JPJMN4JT00M034 /* Frameworks */,
			);
			buildRules = (
			);
			dependencies = (
				GTN77XILJN5SK5MZBGMML63U /* PBXTargetDependency */,
			);
			name = RunnerTests;
			productName = RunnerTests;
			productReference = EL4OKFAFLZWM8M4BXFRECNNW /* RunnerTests.xctest */;
			productType = "com.apple.product-type.bundle.unit-test";
		};
		U8GH2DAAC6WYJB9ZIB69TTVW /* Runner */ = {
			isa = PBXNativeTarget;
			buildConfigurationList = YTW2KCTQV4ZQ94MTY3TVN8IA /* Build configuration list for PBXNativeTarget "Runner" */;
			buildPhases = (
				58MQ34UEQRGW3SDII1H6VYKJ /* [CP] Check Pods Manifest.lock */,
				8550VMT7ZKB31HUS6HV6NKMN /* Run Script */,
				1GDBZRYKDE1YNOJKOGU1M77G /* Sources */,
				6EN9V1HK8V1PMBK7I93PHW6G /* Frameworks */,
				QIJWK9XVKME5W0BEYYXEXADW /* Resources */,
				LPYJJMU0FCIYI4LCF4F3A79N /* Embed Frameworks */,
				30JLFKX5VX2BPZNMIY0O0DMR /* Thin Binary */,
				IGIB7SG5QL0BGOJ02KPSKB99 /* [CP] Embed Pods Frameworks */,
			);
			buildRules = (
			);
			dependencies = (
			);
			name = Runner;
			productName = Runner;
			productReference = 3BZBBPF846USPMD0NCG8YDWT /* Runner.app */;
			productType = "com.apple.product-type.application";
		};
/* End PBXNativeTarget section */

/* Begin PBXProject section */
		E7RYXSFP9UZ7T21E14MIMK2H /* Project object */ = {
			isa = PBXProject;
			attributes = {
				BuildIndependentTargetsInParallel = YES;
				LastUpgradeCheck = 1510;
				ORGANIZATIONNAME = "";
				TargetAttributes = {
					IM1URKZBBIQ8KNB433407SGZ = {
						CreatedOnToolsVersion = 14.0;
						TestTargetID = U8GH2DAAC6WYJB9ZIB69TTVW;
					};
					U8GH2DAAC6WYJB9ZIB69TTVW = {
						CreatedOnToolsVersion = 7.3.1;
						LastSwiftMigration = 1100;
					};
				};
			};
			buildConfigurationList = 76GTO404I1ISR61GP2DA25AK /* Build configuration list for PBXProject "Runner" */;
			compatibilityVersion = "Xcode 9.3";
			developmentRegion = en;
			hasScannedForEncodings = 0;
			knownRegions = (
				en,
				Base,
			);
			mainGroup = QA2G6JWR93AJPWU3RNM67T0R;
			productRefGroup = R18UGT8L51HK5O6MU4KRE4XD /* Products */;
			projectDirPath = "";
			projectRoot = "";
			targets = (
				U8GH2DAAC6WYJB9ZIB69TTVW /* Runner */,
				IM1URKZBBIQ8KNB433407SGZ /* RunnerTests */,
			);
		};
/* End PBXProject section */

/* Begin PBXResourcesBuildPhase section */
		8E29Z5MAMLD24MEF8DW7KT4Y /* Resources */ = {
			isa = PBXResourcesBuildPhase;
			buildActionMask = 2147483647;
			files = (
			);
			runOnlyForDeploymentPostprocessing = 0;
		};
		QIJWK9XVKME5W0BEYYXEXADW /* Resources */ = {
			isa = PBXResourcesBuildPhase;
			buildActionMask = 2147483647;
			files = (
				JFLW31V70XDG07OLP60A9TYY /* LaunchScreen.storyboard in Resources */,
				2F0WCLHDHL517N1B3O18DJAL /* AppFrameworkInfo.plist in Resources */,
				M8T6SKD32W83KABSNMUZ9G2H /* Assets.xcassets in Resources */,
				FARZ0K6LBT4MBKN455GKYH43 /* Main.storyboard in Resources */,
			);
			runOnlyForDeploymentPostprocessing = 0;
		};
/* End PBXResourcesBuildPhase section */

/* Begin PBXShellScriptBuildPhase section */
		30JLFKX5VX2BPZNMIY0O0DMR /* Thin Binary */ = {
			isa = PBXShellScriptBuildPhase;
			alwaysOutOfDate = 1;
			buildActionMask = 2147483647;
			files = (
			);
			inputPaths = (
				"${TARGET_BUILD_DIR}/${INFOPLIST_PATH}",
			);
			name = "Thin Binary";
			outputPaths = (
			);
			runOnlyForDeploymentPostprocessing = 0;
			shellPath = /bin/sh;
			shellScript = "/bin/sh \"$FLUTTER_ROOT/packages/flutter_tools/bin/xcode_backend.sh\" embed_and_thin";
		};
		58MQ34UEQRGW3SDII1H6VYKJ /* [CP] Check Pods Manifest.lock */ = {
			isa = PBXShellScriptBuildPhase;
			buildActionMask = 2147483647;
			files = (
			);
			inputFileListPaths = (
			);
			inputPaths = (
				"${PODS_PODFILE_DIR_PATH}/Podfile.lock",
				"${PODS_ROOT}/Manifest.lock",
			);
			name = "[CP] Check Pods Manifest.lock";
			outputFileListPaths = (
			);
			outputPaths = (
				"$(DERIVED_FILE_DIR)/Pods-Runner-checkManifestLockResult.txt",
			);
			runOnlyForDeploymentPostprocessing = 0;
			shellPath = /bin/sh;
			shellScript = "diff \"${PODS_PODFILE_DIR_PATH}/Podfile.lock\" \"${PODS_ROOT}/Manifest.lock\" > /dev/null\nif [ $? != 0 ] ; then\n    # print error to STDERR\n    echo \"error: The sandbox is not in sync with the Podfile.lock. Run 'pod install' or update your CocoaPods installation.\" >&2\n    exit 1\nfi\n# This output is used by Xcode 'outputs' to avoid re-running this script phase.\necho \"SUCCESS\" > \"${SCRIPT_OUTPUT_FILE_0}\"\n";
			showEnvVarsInLog = 0;
		};
		8550VMT7ZKB31HUS6HV6NKMN /* Run Script */ = {
			isa = PBXShellScriptBuildPhase;
			alwaysOutOfDate = 1;
			buildActionMask = 2147483647;
			files = (
			);
			inputPaths = (
			);
			name = "Run Script";
			outputPaths = (
			);
			runOnlyForDeploymentPostprocessing = 0;
			shellPath = /bin/sh;
			shellScript = "/bin/sh \"$FLUTTER_ROOT/packages/flutter_tools/bin/xcode_backend.sh\" build";
		};
		IGIB7SG5QL0BGOJ02KPSKB99 /* [CP] Embed Pods Frameworks */ = {
			isa = PBXShellScriptBuildPhase;
			buildActionMask = 2147483647;
			files = (
			);
			inputFileListPaths = (
				"${PODS_ROOT}/Target Support Files/Pods-Runner/Pods-Runner-frameworks-${CONFIGURATION}-input-files.xcfilelist",
			);
			name = "[CP] Embed Pods Frameworks";
			outputFileListPaths = (
				"${PODS_ROOT}/Target Support Files/Pods-Runner/Pods-Runner-frameworks-${CONFIGURATION}-output-files.xcfilelist",
			);
			runOnlyForDeploymentPostprocessing = 0;
			shellPath = /bin/sh;
			shellScript = "\"${PODS_ROOT}/Target Support Files/Pods-Runner/Pods-Runner-frameworks.sh\"\n";
			showEnvVarsInLog = 0;
		};
		QEQBNUZB6B9N24W1MXJAAV9X /* [CP] Check Pods Manifest.lock */ = {
			isa = PBXShellScriptBuildPhase;
			buildActionMask = 2147483647;
			files = (
			);
			inputFileListPaths = (
			);
			inputPaths = (
				"${PODS_PODFILE_DIR_PATH}/Podfile.lock",
				"${PODS_ROOT}/Manifest.lock",
			);
			name = "[CP] Check Pods Manifest.lock";
			outputFileListPaths = (
			);
			outputPaths = (
				"$(DERIVED_FILE_DIR)/Pods-RunnerTests-checkManifestLockResult.txt",
			);
			runOnlyForDeploymentPostprocessing = 0;
			shellPath = /bin/sh;
			shellScript = "diff \"${PODS_PODFILE_DIR_PATH}/Podfile.lock\" \"${PODS_ROOT}/Manifest.lock\" > /dev/null\nif [ $? != 0 ] ; then\n    # print error to STDERR\n    echo \"error: The sandbox is not in sync with the Podfile.lock. Run 'pod install' or update your CocoaPods installation.\" >&2\n    exit 1\nfi\n# This output is used by Xcode 'outputs' to avoid re-running this script phase.\necho \"SUCCESS\" > \"${SCRIPT_OUTPUT_FILE_0}\"\n";
			showEnvVarsInLog = 0;
		};
/* End PBXShellScriptBuildPhase section */

/* Begin PBXSourcesBuildPhase section */
		0SOM3FGYFARZ5JY324Z713NU /* Sources */ = {
			isa = PBXSourcesBuildPhase;
			buildActionMask = 2147483647;
			files = (
				NRZGC3FSKJH9UMZ32TALHBLS /* RunnerTests.swift in Sources */,
			);
			runOnlyForDeploymentPostprocessing = 0;
		};
		1GDBZRYKDE1YNOJKOGU1M77G /* Sources */ = {
			isa = PBXSourcesBuildPhase;
			buildActionMask = 2147483647;
			files = (
				CXGVNS85JSJ4OWTIG8AJHYR3 /* AppDelegate.swift in Sources */,
				XX2N0WAP0VN86M7PWTJODHXF /* GeneratedPluginRegistrant.m in Sources */,
			);
			runOnlyForDeploymentPostprocessing = 0;
		};
/* End PBXSourcesBuildPhase section */

/* Begin PBXTargetDependency section */
		GTN77XILJN5SK5MZBGMML63U /* PBXTargetDependency */ = {
			isa = PBXTargetDependency;
			target = U8GH2DAAC6WYJB9ZIB69TTVW /* Runner */;
			targetProxy = YAK3DYX8N9XHKDDX0ETTN6S1 /* PBXContainerItemProxy */;
		};
/* End PBXTargetDependency section */

/* Begin PBXVariantGroup section */
		A683RQZ47A7Y2KC2ORURU4YU /* LaunchScreen.storyboard */ = {
			isa = PBXVariantGroup;
			children = (
				W0D6B65R2WY3BCB81LVVY4CT /* Base */,
			);
			name = LaunchScreen.storyboard;
			sourceTree = "<group>";
		};
		ANTZSB00LIBLJX96DLQU6SFI /* Main.storyboard */ = {
			isa = PBXVariantGroup;
			children = (
				5ARPQ80ZY5G58IQCXYD5DFDK /* Base */,
			);
			name = Main.storyboard;
			sourceTree = "<group>";
		};
/* End PBXVariantGroup section */

/* Begin XCBuildConfiguration section */
		0Q4KYR1LQZYV5UY5149D8M8E /* Release */ = {
			isa = XCBuildConfiguration;
			baseConfigurationReference = 9GW1ZBM9NNAMY6GQX3B9L766 /* Release.xcconfig */;
			buildSettings = {
				ASSETCATALOG_COMPILER_APPICON_NAME = AppIcon;
				CLANG_ENABLE_MODULES = YES;
				"CODE_SIGN_IDENTITY[sdk=iphoneos*]" = "iPhone Distribution";
				CODE_SIGN_STYLE = Manual;
				CURRENT_PROJECT_VERSION = "$(FLUTTER_BUILD_NUMBER)";
				DEVELOPMENT_TEAM = "";
				"DEVELOPMENT_TEAM[sdk=iphoneos*]" = 264V5ZVVNU;
				ENABLE_BITCODE = NO;
				INFOPLIST_FILE = Runner/Info.plist;
				LD_RUNPATH_SEARCH_PATHS = (
					"$(inherited)",
					"@executable_path/Frameworks",
				);
				PRODUCT_BUNDLE_IDENTIFIER = com.iban.travel;
				PRODUCT_NAME = "$(TARGET_NAME)";
				PROVISIONING_PROFILE_SPECIFIER = "";
				"PROVISIONING_PROFILE_SPECIFIER[sdk=iphoneos*]" = 264V5ZVVNU.com.iban.travel;
				SWIFT_OBJC_BRIDGING_HEADER = "Runner/Runner-Bridging-Header.h";
				SWIFT_VERSION = 5.0;
				TARGETED_DEVICE_FAMILY = 1;
				VERSIONING_SYSTEM = "apple-generic";
			};
			name = Release;
		};
		14Q8HQ2HP1XJLWE87JQHZG60 /* Profile */ = {
			isa = XCBuildConfiguration;
			baseConfigurationReference = 9GW1ZBM9NNAMY6GQX3B9L766 /* Release.xcconfig */;
			buildSettings = {
				ASSETCATALOG_COMPILER_APPICON_NAME = AppIcon;
				CLANG_ENABLE_MODULES = YES;
				"CODE_SIGN_IDENTITY[sdk=iphoneos*]" = "iPhone Distribution";
				CODE_SIGN_STYLE = Manual;
				CURRENT_PROJECT_VERSION = "$(FLUTTER_BUILD_NUMBER)";
				DEVELOPMENT_TEAM = "";
				"DEVELOPMENT_TEAM[sdk=iphoneos*]" = 264V5ZVVNU;
				ENABLE_BITCODE = NO;
				INFOPLIST_FILE = Runner/Info.plist;
				LD_RUNPATH_SEARCH_PATHS = (
					"$(inherited)",
					"@executable_path/Frameworks",
				);
				PRODUCT_BUNDLE_IDENTIFIER = com.iban.travel;
				PRODUCT_NAME = "$(TARGET_NAME)";
				PROVISIONING_PROFILE_SPECIFIER = "";
				"PROVISIONING_PROFILE_SPECIFIER[sdk=iphoneos*]" = 264V5ZVVNU.com.iban.travel;
				SWIFT_OBJC_BRIDGING_HEADER = "Runner/Runner-Bridging-Header.h";
				SWIFT_VERSION = 5.0;
				TARGETED_DEVICE_FAMILY = 1;
				VERSIONING_SYSTEM = "apple-generic";
			};
			name = Profile;
		};
		2EUA1YH1NM2R5A65UP8FLA07 /* Debug */ = {
			isa = XCBuildConfiguration;
			baseConfigurationReference = Y7HO95W52WASQWGKLP78HGV6 /* Pods-RunnerTests.debug.xcconfig */;
			buildSettings = {
				BUNDLE_LOADER = "$(TEST_HOST)";
				CODE_SIGN_STYLE = Automatic;
				CURRENT_PROJECT_VERSION = 1;
				GENERATE_INFOPLIST_FILE = YES;
				MARKETING_VERSION = 1.0;
				PRODUCT_BUNDLE_IDENTIFIER = com.example.aiban.RunnerTests;
				PRODUCT_NAME = "$(TARGET_NAME)";
				SWIFT_ACTIVE_COMPILATION_CONDITIONS = DEBUG;
				SWIFT_OPTIMIZATION_LEVEL = "-Onone";
				SWIFT_VERSION = 5.0;
				TEST_HOST = "$(BUILT_PRODUCTS_DIR)/Runner.app/$(BUNDLE_EXECUTABLE_FOLDER_PATH)/Runner";
			};
			name = Debug;
		};
		63SEGR32X2HMT98737U8LN68 /* Profile */ = {
			isa = XCBuildConfiguration;
			baseConfigurationReference = 0O3OWLONZDTCJ4JORU55MQSA /* Pods-RunnerTests.profile.xcconfig */;
			buildSettings = {
				BUNDLE_LOADER = "$(TEST_HOST)";
				CODE_SIGN_STYLE = Automatic;
				CURRENT_PROJECT_VERSION = 1;
				GENERATE_INFOPLIST_FILE = YES;
				MARKETING_VERSION = 1.0;
				PRODUCT_BUNDLE_IDENTIFIER = com.example.aiban.RunnerTests;
				PRODUCT_NAME = "$(TARGET_NAME)";
				SWIFT_VERSION = 5.0;
				TEST_HOST = "$(BUILT_PRODUCTS_DIR)/Runner.app/$(BUNDLE_EXECUTABLE_FOLDER_PATH)/Runner";
			};
			name = Profile;
		};
		CNKE4WSWFYBNSOME6ARMMZXG /* Release */ = {
			isa = XCBuildConfiguration;
			baseConfigurationReference = 9UY5LRXWJ8QZGXVC6N4ML5DL /* Pods-RunnerTests.release.xcconfig */;
			buildSettings = {
				BUNDLE_LOADER = "$(TEST_HOST)";
				CODE_SIGN_STYLE = Automatic;
				CURRENT_PROJECT_VERSION = 1;
				GENERATE_INFOPLIST_FILE = YES;
				MARKETING_VERSION = 1.0;
				PRODUCT_BUNDLE_IDENTIFIER = com.example.aiban.RunnerTests;
				PRODUCT_NAME = "$(TARGET_NAME)";
				SWIFT_VERSION = 5.0;
				TEST_HOST = "$(BUILT_PRODUCTS_DIR)/Runner.app/$(BUNDLE_EXECUTABLE_FOLDER_PATH)/Runner";
			};
			name = Release;
		};
		KVZR916PNJANMIC0S2LFWIXN /* Debug */ = {
			isa = XCBuildConfiguration;
			buildSettings = {
				ALWAYS_SEARCH_USER_PATHS = NO;
				ASSETCATALOG_COMPILER_GENERATE_SWIFT_ASSET_SYMBOL_EXTENSIONS = YES;
				CLANG_ANALYZER_NONNULL = YES;
				CLANG_CXX_LANGUAGE_STANDARD = "gnu++0x";
				CLANG_CXX_LIBRARY = "libc++";
				CLANG_ENABLE_MODULES = YES;
				CLANG_ENABLE_OBJC_ARC = YES;
				CLANG_WARN_BLOCK_CAPTURE_AUTORELEASING = YES;
				CLANG_WARN_BOOL_CONVERSION = YES;
				CLANG_WARN_COMMA = YES;
				CLANG_WARN_CONSTANT_CONVERSION = YES;
				CLANG_WARN_DEPRECATED_OBJC_IMPLEMENTATIONS = YES;
				CLANG_WARN_DIRECT_OBJC_ISA_USAGE = YES_ERROR;
				CLANG_WARN_EMPTY_BODY = YES;
				CLANG_WARN_ENUM_CONVERSION = YES;
				CLANG_WARN_INFINITE_RECURSION = YES;
				CLANG_WARN_INT_CONVERSION = YES;
				CLANG_WARN_NON_LITERAL_NULL_CONVERSION = YES;
				CLANG_WARN_OBJC_IMPLICIT_RETAIN_SELF = YES;
				CLANG_WARN_OBJC_LITERAL_CONVERSION = YES;
				CLANG_WARN_OBJC_ROOT_CLASS = YES_ERROR;
				CLANG_WARN_RANGE_LOOP_ANALYSIS = YES;
				CLANG_WARN_STRICT_PROTOTYPES = YES;
				CLANG_WARN_SUSPICIOUS_MOVE = YES;
				CLANG_WARN_UNREACHABLE_CODE = YES;
				CLANG_WARN__DUPLICATE_METHOD_MATCH = YES;
				"CODE_SIGN_IDENTITY[sdk=iphoneos*]" = "iPhone Developer";
				COPY_PHASE_STRIP = NO;
				DEBUG_INFORMATION_FORMAT = dwarf;
				ENABLE_STRICT_OBJC_MSGSEND = YES;
				ENABLE_TESTABILITY = YES;
				ENABLE_USER_SCRIPT_SANDBOXING = NO;
				GCC_C_LANGUAGE_STANDARD = gnu99;
				GCC_DYNAMIC_NO_PIC = NO;
				GCC_NO_COMMON_BLOCKS = YES;
				GCC_OPTIMIZATION_LEVEL = 0;
				GCC_PREPROCESSOR_DEFINITIONS = (
					"DEBUG=1",
					"$(inherited)",
				);
				GCC_WARN_64_TO_32_BIT_CONVERSION = YES;
				GCC_WARN_ABOUT_RETURN_TYPE = YES_ERROR;
				GCC_WARN_UNDECLARED_SELECTOR = YES;
				GCC_WARN_UNINITIALIZED_AUTOS = YES_AGGRESSIVE;
				GCC_WARN_UNUSED_FUNCTION = YES;
				GCC_WARN_UNUSED_VARIABLE = YES;
				IPHONEOS_DEPLOYMENT_TARGET = 12.0;
				MTL_ENABLE_DEBUG_INFO = YES;
				ONLY_ACTIVE_ARCH = YES;
				SDKROOT = iphoneos;
				TARGETED_DEVICE_FAMILY = "1,2";
			};
			name = Debug;
		};
		O7PZ6RZ5SZVLF32OVZJM47GB /* Profile */ = {
			isa = XCBuildConfiguration;
			buildSettings = {
				ALWAYS_SEARCH_USER_PATHS = NO;
				ASSETCATALOG_COMPILER_GENERATE_SWIFT_ASSET_SYMBOL_EXTENSIONS = YES;
				CLANG_ANALYZER_NONNULL = YES;
				CLANG_CXX_LANGUAGE_STANDARD = "gnu++0x";
				CLANG_CXX_LIBRARY = "libc++";
				CLANG_ENABLE_MODULES = YES;
				CLANG_ENABLE_OBJC_ARC = YES;
				CLANG_WARN_BLOCK_CAPTURE_AUTORELEASING = YES;
				CLANG_WARN_BOOL_CONVERSION = YES;
				CLANG_WARN_COMMA = YES;
				CLANG_WARN_CONSTANT_CONVERSION = YES;
				CLANG_WARN_DEPRECATED_OBJC_IMPLEMENTATIONS = YES;
				CLANG_WARN_DIRECT_OBJC_ISA_USAGE = YES_ERROR;
				CLANG_WARN_EMPTY_BODY = YES;
				CLANG_WARN_ENUM_CONVERSION = YES;
				CLANG_WARN_INFINITE_RECURSION = YES;
				CLANG_WARN_INT_CONVERSION = YES;
				CLANG_WARN_NON_LITERAL_NULL_CONVERSION = YES;
				CLANG_WARN_OBJC_IMPLICIT_RETAIN_SELF = YES;
				CLANG_WARN_OBJC_LITERAL_CONVERSION = YES;
				CLANG_WARN_OBJC_ROOT_CLASS = YES_ERROR;
				CLANG_WARN_RANGE_LOOP_ANALYSIS = YES;
				CLANG_WARN_STRICT_PROTOTYPES = YES;
				CLANG_WARN_SUSPICIOUS_MOVE = YES;
				CLANG_WARN_UNREACHABLE_CODE = YES;
				CLANG_WARN__DUPLICATE_METHOD_MATCH = YES;
				"CODE_SIGN_IDENTITY[sdk=iphoneos*]" = "iPhone Developer";
				COPY_PHASE_STRIP = NO;
				DEBUG_INFORMATION_FORMAT = "dwarf-with-dsym";
				ENABLE_NS_ASSERTIONS = NO;
				ENABLE_STRICT_OBJC_MSGSEND = YES;
				ENABLE_USER_SCRIPT_SANDBOXING = NO;
				GCC_C_LANGUAGE_STANDARD = gnu99;
				GCC_NO_COMMON_BLOCKS = YES;
				GCC_WARN_64_TO_32_BIT_CONVERSION = YES;
				GCC_WARN_ABOUT_RETURN_TYPE = YES_ERROR;
				GCC_WARN_UNDECLARED_SELECTOR = YES;
				GCC_WARN_UNINITIALIZED_AUTOS = YES_AGGRESSIVE;
				GCC_WARN_UNUSED_FUNCTION = YES;
				GCC_WARN_UNUSED_VARIABLE = YES;
				IPHONEOS_DEPLOYMENT_TARGET = 12.0;
				MTL_ENABLE_DEBUG_INFO = NO;
				SDKROOT = iphoneos;
				SUPPORTED_PLATFORMS = iphoneos;
				TARGETED_DEVICE_FAMILY = "1,2";
				VALIDATE_PRODUCT = YES;
			};
			name = Profile;
		};
		T7K3RN0N4MCDG78A6FK8E12Y /* Debug */ = {
			isa = XCBuildConfiguration;
			baseConfigurationReference = E799WDPDLBSP4G03HAMY8I9K /* Debug.xcconfig */;
			buildSettings = {
				ASSETCATALOG_COMPILER_APPICON_NAME = AppIcon;
				CLANG_ENABLE_MODULES = YES;
				"CODE_SIGN_IDENTITY[sdk=iphoneos*]" = "iPhone Distribution";
				CODE_SIGN_STYLE = Manual;
				CURRENT_PROJECT_VERSION = "$(FLUTTER_BUILD_NUMBER)";
				DEVELOPMENT_TEAM = "";
				"DEVELOPMENT_TEAM[sdk=iphoneos*]" = 264V5ZVVNU;
				ENABLE_BITCODE = NO;
				INFOPLIST_FILE = Runner/Info.plist;
				LD_RUNPATH_SEARCH_PATHS = (
					"$(inherited)",
					"@executable_path/Frameworks",
				);
				PRODUCT_BUNDLE_IDENTIFIER = com.iban.travel;
				PRODUCT_NAME = "$(TARGET_NAME)";
				PROVISIONING_PROFILE_SPECIFIER = "";
				"PROVISIONING_PROFILE_SPECIFIER[sdk=iphoneos*]" = 264V5ZVVNU.com.iban.travel;
				SWIFT_OBJC_BRIDGING_HEADER = "Runner/Runner-Bridging-Header.h";
				SWIFT_OPTIMIZATION_LEVEL = "-Onone";
				SWIFT_VERSION = 5.0;
				TARGETED_DEVICE_FAMILY = 1;
				VERSIONING_SYSTEM = "apple-generic";
			};
			name = Debug;
		};
		UUL8KAVPC5XLRGSWQFML0KRU /* Release */ = {
			isa = XCBuildConfiguration;
			buildSettings = {
				ALWAYS_SEARCH_USER_PATHS = NO;
				ASSETCATALOG_COMPILER_GENERATE_SWIFT_ASSET_SYMBOL_EXTENSIONS = YES;
				CLANG_ANALYZER_NONNULL = YES;
				CLANG_CXX_LANGUAGE_STANDARD = "gnu++0x";
				CLANG_CXX_LIBRARY = "libc++";
				CLANG_ENABLE_MODULES = YES;
				CLANG_ENABLE_OBJC_ARC = YES;
				CLANG_WARN_BLOCK_CAPTURE_AUTORELEASING = YES;
				CLANG_WARN_BOOL_CONVERSION = YES;
				CLANG_WARN_COMMA = YES;
				CLANG_WARN_CONSTANT_CONVERSION = YES;
				CLANG_WARN_DEPRECATED_OBJC_IMPLEMENTATIONS = YES;
				CLANG_WARN_DIRECT_OBJC_ISA_USAGE = YES_ERROR;
				CLANG_WARN_EMPTY_BODY = YES;
				CLANG_WARN_ENUM_CONVERSION = YES;
				CLANG_WARN_INFINITE_RECURSION = YES;
				CLANG_WARN_INT_CONVERSION = YES;
				CLANG_WARN_NON_LITERAL_NULL_CONVERSION = YES;
				CLANG_WARN_OBJC_IMPLICIT_RETAIN_SELF = YES;
				CLANG_WARN_OBJC_LITERAL_CONVERSION = YES;
				CLANG_WARN_OBJC_ROOT_CLASS = YES_ERROR;
				CLANG_WARN_RANGE_LOOP_ANALYSIS = YES;
				CLANG_WARN_STRICT_PROTOTYPES = YES;
				CLANG_WARN_SUSPICIOUS_MOVE = YES;
				CLANG_WARN_UNREACHABLE_CODE = YES;
				CLANG_WARN__DUPLICATE_METHOD_MATCH = YES;
				"CODE_SIGN_IDENTITY[sdk=iphoneos*]" = "iPhone Developer";
				COPY_PHASE_STRIP = NO;
				DEBUG_INFORMATION_FORMAT = "dwarf-with-dsym";
				ENABLE_NS_ASSERTIONS = NO;
				ENABLE_STRICT_OBJC_MSGSEND = YES;
				ENABLE_USER_SCRIPT_SANDBOXING = NO;
				GCC_C_LANGUAGE_STANDARD = gnu99;
				GCC_NO_COMMON_BLOCKS = YES;
				GCC_WARN_64_TO_32_BIT_CONVERSION = YES;
				GCC_WARN_ABOUT_RETURN_TYPE = YES_ERROR;
				GCC_WARN_UNDECLARED_SELECTOR = YES;
				GCC_WARN_UNINITIALIZED_AUTOS = YES_AGGRESSIVE;
				GCC_WARN_UNUSED_FUNCTION = YES;
				GCC_WARN_UNUSED_VARIABLE = YES;
				IPHONEOS_DEPLOYMENT_TARGET = 12.0;
				MTL_ENABLE_DEBUG_INFO = NO;
				SDKROOT = iphoneos;
				SUPPORTED_PLATFORMS = iphoneos;
				SWIFT_COMPILATION_MODE = wholemodule;
				SWIFT_OPTIMIZATION_LEVEL = "-O";
				TARGETED_DEVICE_FAMILY = "1,2";
				VALIDATE_PRODUCT = YES;
			};
			name = Release;
		};
/* End XCBuildConfiguration section */

/* Begin XCConfigurationList section */
		6NDGGPRSHJT37ZFQP7OSD7X3 /* Build configuration list for PBXNativeTarget "RunnerTests" */ = {
			isa = XCConfigurationList;
			buildConfigurations = (
				2EUA1YH1NM2R5A65UP8FLA07 /* Debug */,
				CNKE4WSWFYBNSOME6ARMMZXG /* Release */,
				63SEGR32X2HMT98737U8LN68 /* Profile */,
			);
			defaultConfigurationIsVisible = 0;
			defaultConfigurationName = Release;
		};
		76GTO404I1ISR61GP2DA25AK /* Build configuration list for PBXProject "Runner" */ = {
			isa = XCConfigurationList;
			buildConfigurations = (
				KVZR916PNJANMIC0S2LFWIXN /* Debug */,
				UUL8KAVPC5XLRGSWQFML0KRU /* Release */,
				O7PZ6RZ5SZVLF32OVZJM47GB /* Profile */,
			);
			defaultConfigurationIsVisible = 0;
			defaultConfigurationName = Release;
		};
		YTW2KCTQV4ZQ94MTY3TVN8IA /* Build configuration list for PBXNativeTarget "Runner" */ = {
			isa = XCConfigurationList;
			buildConfigurations = (
				T7K3RN0N4MCDG78A6FK8E12Y /* Debug */,
				0Q4KYR1LQZYV5UY5149D8M8E /* Release */,
				14Q8HQ2HP1XJLWE87JQHZG60 /* Profile */,
			);
			defaultConfigurationIsVisible = 0;
			defaultConfigurationName = Release;
		};
/* End XCConfigurationList section */
	};
	rootObject = E7RYXSFP9UZ7T21E14MIMK2H /* Project object */;
}
