// !$*UTF8*$!
{
	archiveVersion = 1;
	classes = {
	};
	objectVersion = 54;
	objects = {

/* Begin PBXAggregateTarget section */
		ZTEI8TTFAKCF99WC7H49D0WX /* Flutter Assemble */ = {
			isa = PBXAggregateTarget;
			buildConfigurationList = SLUE2DHRVG32L7A6JG78SFFJ /* Build configuration list for PBXAggregateTarget "Flutter Assemble" */;
			buildPhases = (
				Z4ZW6O7RZO0WG6HDM6MAKNIA /* ShellScript */,
			);
			dependencies = (
			);
			name = "Flutter Assemble";
			productName = FLX;
		};
/* End PBXAggregateTarget section */

/* Begin PBXBuildFile section */
		PJ1FROD6XKPNG53FCRDAK30V /* MainMenu.xib in Resources */ = {isa = PBXBuildFile; fileRef = FXOB6DO3SH6MB9FG66VHK8XO /* MainMenu.xib */; };
		UVPCOEFTA72EC5GCC69MUVR5 /* Assets.xcassets in Resources */ = {isa = PBXBuildFile; fileRef = KSYUOOXPXG8DBIYLMILGDXC9 /* Assets.xcassets */; };
		90BPII780XGJRV2CRQ0JA9OL /* RunnerTests.swift in Sources */ = {isa = PBXBuildFile; fileRef = 8VLXJXM43OFF80FMDXEPD7HY /* RunnerTests.swift */; };
		CFB2967ZF1YLN7UNWNYQD6D8 /* AppDelegate.swift in Sources */ = {isa = PBXBuildFile; fileRef = 38AVE3ZBM7LRUY6GDDW8X9R6 /* AppDelegate.swift */; };
		6WMTPXOBHVBINJKOYZA8R68K /* MainFlutterWindow.swift in Sources */ = {isa = PBXBuildFile; fileRef = ZW7IXSNA5TEZT16REQQ3YUME /* MainFlutterWindow.swift */; };
		QEXVJL3Z9SE458JLK3Q769GE /* GeneratedPluginRegistrant.swift in Sources */ = {isa = PBXBuildFile; fileRef = 37YEBQURQBHV8JPB4UQSHV71 /* GeneratedPluginRegistrant.swift */; };
/* End PBXBuildFile section */

/* Begin PBXContainerItemProxy section */
		J5ZL03MYCCUNBVNXI4GKZ4YV /* PBXContainerItemProxy */ = {
			isa = PBXContainerItemProxy;
			containerPortal = I4QAYYBGO22JECYTED1GLYFO /* Project object */;
			proxyType = 1;
			remoteGlobalIDString = MWP4PLJNBDB74EU03M8BQALR;
			remoteInfo = Runner;
		};
		8N2DFXI4EAAGU1AEP6XIYORI /* PBXContainerItemProxy */ = {
			isa = PBXContainerItemProxy;
			containerPortal = I4QAYYBGO22JECYTED1GLYFO /* Project object */;
			proxyType = 1;
			remoteGlobalIDString = ZTEI8TTFAKCF99WC7H49D0WX;
			remoteInfo = FLX;
		};
/* End PBXContainerItemProxy section */

/* Begin PBXCopyFilesBuildPhase section */
		5BLCTILHKWV61VK97OOGYEDT /* Bundle Framework */ = {
			isa = PBXCopyFilesBuildPhase;
			buildActionMask = 2147483647;
			dstPath = "";
			dstSubfolderSpec = 10;
			files = (
			);
			name = "Bundle Framework";
			runOnlyForDeploymentPostprocessing = 0;
		};
/* End PBXCopyFilesBuildPhase section */

/* Begin PBXFileReference section */
		38AVE3ZBM7LRUY6GDDW8X9R6 /* AppDelegate.swift */ = {isa = PBXFileReference; lastKnownFileType = sourcecode.swift; path = AppDelegate.swift; sourceTree = "<group>"; };
		1EAII2EBX1FYHO409ZJFS5QO /* AppInfo.xcconfig */ = {isa = PBXFileReference; lastKnownFileType = text.xcconfig; path = AppInfo.xcconfig; sourceTree = "<group>"; };
		UCIUNX1AT42JHB4U809GEOTJ /* Warnings.xcconfig */ = {isa = PBXFileReference; lastKnownFileType = text.xcconfig; path = Warnings.xcconfig; sourceTree = "<group>"; };
		GWPUH1Q1EDCS3R1G3C8K1XLB /* Info.plist */ = {isa = PBXFileReference; lastKnownFileType = text.plist.xml; name = Info.plist; path = Runner/Info.plist; sourceTree = "<group>"; };
		E799WDPDLBSP4G03HAMY8I9K /* Debug.xcconfig */ = {isa = PBXFileReference; fileEncoding = 4; lastKnownFileType = text.xcconfig; path = Debug.xcconfig; sourceTree = "<group>"; };
		4HAQ52MP9SPVCOQ9A6XIUFRH /* Flutter-Debug.xcconfig */ = {isa = PBXFileReference; lastKnownFileType = text.xcconfig; path = "Flutter-Debug.xcconfig"; sourceTree = "<group>"; };
		8VLXJXM43OFF80FMDXEPD7HY /* RunnerTests.swift */ = {isa = PBXFileReference; lastKnownFileType = sourcecode.swift; path = RunnerTests.swift; sourceTree = "<group>"; };
		BHGRNUDUNM6B932JNO4KAWVT /* DebugProfile.entitlements */ = {isa = PBXFileReference; lastKnownFileType = text.plist.entitlements; path = DebugProfile.entitlements; sourceTree = "<group>"; };
		RI4MN2R5OSPH0UM06T4Y612D /* Release.entitlements */ = {isa = PBXFileReference; fileEncoding = 4; lastKnownFileType = text.plist.entitlements; path = Release.entitlements; sourceTree = "<group>"; };
		37YEBQURQBHV8JPB4UQSHV71 /* GeneratedPluginRegistrant.swift */ = {isa = PBXFileReference; fileEncoding = 4; lastKnownFileType = sourcecode.swift; path = GeneratedPluginRegistrant.swift; sourceTree = "<group>"; };
		ZW7IXSNA5TEZT16REQQ3YUME /* MainFlutterWindow.swift */ = {isa = PBXFileReference; lastKnownFileType = sourcecode.swift; path = MainFlutterWindow.swift; sourceTree = "<group>"; };
		91A70DAAEKEV06GMFULF1PD7 /* Base */ = {isa = PBXFileReference; lastKnownFileType = file.xib; name = Base; path = Base.lproj/MainMenu.xib; sourceTree = "<group>"; };
		RAS4BUUZLI80BGFNZSASAEP2 /* Flutter-Generated.xcconfig */ = {isa = PBXFileReference; lastKnownFileType = text.xcconfig; name = "Flutter-Generated.xcconfig"; path = "ephemeral/Flutter-Generated.xcconfig"; sourceTree = "<group>"; };
		KSYUOOXPXG8DBIYLMILGDXC9 /* Assets.xcassets */ = {isa = PBXFileReference; lastKnownFileType = folder.assetcatalog; name = Assets.xcassets; path = Runner/Assets.xcassets; sourceTree = "<group>"; };
		IKTE98S8JLR1FUTDQSY1RAOD /* RunnerTests.xctest */ = {isa = PBXFileReference; explicitFileType = wrapper.cfbundle; includeInIndex = 0; path = RunnerTests.xctest; sourceTree = BUILT_PRODUCTS_DIR; };
		033U2FPU4101ZC0L2J48MHM3 /* Flutter-Release.xcconfig */ = {isa = PBXFileReference; lastKnownFileType = text.xcconfig; path = "Flutter-Release.xcconfig"; sourceTree = "<group>"; };
		9GW1ZBM9NNAMY6GQX3B9L766 /* Release.xcconfig */ = {isa = PBXFileReference; lastKnownFileType = text.xcconfig; path = Release.xcconfig; sourceTree = "<group>"; };
		0KKOLHWPIJ65HZIJ0VI8NFU1 /* aiban.app */ = {isa = PBXFileReference; explicitFileType = wrapper.application; includeInIndex = 0; path = "aiban.app"; sourceTree = BUILT_PRODUCTS_DIR; };
/* End PBXFileReference section */

/* Begin PBXFrameworksBuildPhase section */
		EQA3275F7OCKTCDGXMUYLPC7 /* Frameworks */ = {
			isa = PBXFrameworksBuildPhase;
			buildActionMask = 2147483647;
			files = (
			);
			runOnlyForDeploymentPostprocessing = 0;
		};
		EGI0VP563CISI012GOEZYGY6 /* Frameworks */ = {
			isa = PBXFrameworksBuildPhase;
			buildActionMask = 2147483647;
			files = (
			);
			runOnlyForDeploymentPostprocessing = 0;
		};
/* End PBXFrameworksBuildPhase section */

/* Begin PBXGroup section */
		B2UWNVV4UY2HEKL8KBLN3KJJ /* RunnerTests */ = {
			isa = PBXGroup;
			children = (
				8VLXJXM43OFF80FMDXEPD7HY /* RunnerTests.swift */,
			);
			path = RunnerTests;
			sourceTree = "<group>";
		};
		F882T12F10WO1P54MVIE62A7 /* Configs */ = {
			isa = PBXGroup;
			children = (
				1EAII2EBX1FYHO409ZJFS5QO /* AppInfo.xcconfig */,
				E799WDPDLBSP4G03HAMY8I9K /* Debug.xcconfig */,
				9GW1ZBM9NNAMY6GQX3B9L766 /* Release.xcconfig */,
				UCIUNX1AT42JHB4U809GEOTJ /* Warnings.xcconfig */,
			);
			path = Configs;
			sourceTree = "<group>";
		};
		QQZG4O4UMXPTSM5E8AUOT612 = {
			isa = PBXGroup;
			children = (
				J1OGKIDZ04IBK41GU23CGKZB /* Runner */,
				XM0BWR4QQQA1ZCR7DQCKG5YZ /* Products */,
				B2UWNVV4UY2HEKL8KBLN3KJJ /* RunnerTests */,
				25XH3PHTF4HO79T4DTVFM0UH /* Flutter */,
				D951A1976G3828HFN6ZG72JD /* Frameworks */,
			);
			sourceTree = "<group>";
		};
		XM0BWR4QQQA1ZCR7DQCKG5YZ /* Products */ = {
			isa = PBXGroup;
			children = (
				0KKOLHWPIJ65HZIJ0VI8NFU1 /* aiban.app */,
				IKTE98S8JLR1FUTDQSY1RAOD /* RunnerTests.xctest */,
			);
			name = Products;
			sourceTree = "<group>";
		};
		LPMJSPQTXEU1PB7Y61I0XTMV /* Resources */ = {
			isa = PBXGroup;
			children = (
				KSYUOOXPXG8DBIYLMILGDXC9 /* Assets.xcassets */,
				FXOB6DO3SH6MB9FG66VHK8XO /* MainMenu.xib */,
				GWPUH1Q1EDCS3R1G3C8K1XLB /* Info.plist */,
			);
			name = Resources;
			path = ..;
			sourceTree = "<group>";
		};
		25XH3PHTF4HO79T4DTVFM0UH /* Flutter */ = {
			isa = PBXGroup;
			children = (
				37YEBQURQBHV8JPB4UQSHV71 /* GeneratedPluginRegistrant.swift */,
				4HAQ52MP9SPVCOQ9A6XIUFRH /* Flutter-Debug.xcconfig */,
				033U2FPU4101ZC0L2J48MHM3 /* Flutter-Release.xcconfig */,
				RAS4BUUZLI80BGFNZSASAEP2 /* Flutter-Generated.xcconfig */,
			);
			path = Flutter;
			sourceTree = "<group>";
		};
		J1OGKIDZ04IBK41GU23CGKZB /* Runner */ = {
			isa = PBXGroup;
			children = (
				ZW7IXSNA5TEZT16REQQ3YUME /* MainFlutterWindow.swift */,
				BHGRNUDUNM6B932JNO4KAWVT /* DebugProfile.entitlements */,
				F882T12F10WO1P54MVIE62A7 /* Configs */,
				38AVE3ZBM7LRUY6GDDW8X9R6 /* AppDelegate.swift */,
				RI4MN2R5OSPH0UM06T4Y612D /* Release.entitlements */,
				LPMJSPQTXEU1PB7Y61I0XTMV /* Resources */,
			);
			path = Runner;
			sourceTree = "<group>";
		};
		D951A1976G3828HFN6ZG72JD /* Frameworks */ = {
			isa = PBXGroup;
			children = (
			);
			name = Frameworks;
			sourceTree = "<group>";
		};
/* End PBXGroup section */

/* Begin PBXNativeTarget section */
		4QM6UKA4J2G2REAJQ6BQVJUO /* RunnerTests */ = {
			isa = PBXNativeTarget;
			buildConfigurationList = I6725AVFR3P22VZICT1PXUIM /* Build configuration list for PBXNativeTarget "RunnerTests" */;
			buildPhases = (
				T6JT855R6OUN6SUHJWKORWED /* Sources */,
				EQA3275F7OCKTCDGXMUYLPC7 /* Frameworks */,
				IFK7BF200232EK9KLA4M38HI /* Resources */,
			);
			buildRules = (
			);
			dependencies = (
				793RX6HSTIO4ALXCDX2QSPEI /* PBXTargetDependency */,
			);
			name = RunnerTests;
			productName = RunnerTests;
			productReference = IKTE98S8JLR1FUTDQSY1RAOD /* RunnerTests.xctest */;
			productType = "com.apple.product-type.bundle.unit-test";
		};
		MWP4PLJNBDB74EU03M8BQALR /* Runner */ = {
			isa = PBXNativeTarget;
			buildConfigurationList = Z3KOTM78LNQCIMI8E90D1QHL /* Build configuration list for PBXNativeTarget "Runner" */;
			buildPhases = (
				GOTT1RUX6DVUZLC8573SO8OL /* Sources */,
				EGI0VP563CISI012GOEZYGY6 /* Frameworks */,
				ZOVB8D9O0NP81V98RXHXCWJI /* Resources */,
				5BLCTILHKWV61VK97OOGYEDT /* Bundle Framework */,
				RHEO9ZZVO6A0TKIL7KIG2PDH /* ShellScript */,
			);
			buildRules = (
			);
			dependencies = (
				923CCYP458K1HOZXJKO3489K /* PBXTargetDependency */,
			);
			name = Runner;
			productName = Runner;
			productReference = 0KKOLHWPIJ65HZIJ0VI8NFU1 /* aiban.app */;
			productType = "com.apple.product-type.application";
		};
/* End PBXNativeTarget section */

/* Begin PBXProject section */
		I4QAYYBGO22JECYTED1GLYFO /* Project object */ = {
			isa = PBXProject;
			attributes = {
				BuildIndependentTargetsInParallel = YES;
				LastSwiftUpdateCheck = 0920;
				LastUpgradeCheck = 1510;
				ORGANIZATIONNAME = "";
				TargetAttributes = {
					4QM6UKA4J2G2REAJQ6BQVJUO = {
						CreatedOnToolsVersion = 14.0;
						TestTargetID = MWP4PLJNBDB74EU03M8BQALR;
					};
					MWP4PLJNBDB74EU03M8BQALR = {
						CreatedOnToolsVersion = 9.2;
						LastSwiftMigration = 1100;
						ProvisioningStyle = Automatic;
						SystemCapabilities = {
							com.apple.Sandbox = {
								enabled = 1;
							};
						};
					};
					ZTEI8TTFAKCF99WC7H49D0WX = {
						CreatedOnToolsVersion = 9.2;
						ProvisioningStyle = Manual;
					};
				};
			};
			buildConfigurationList = 74CH45DESVC2DMBM0XPAH62X /* Build configuration list for PBXProject "Runner" */;
			compatibilityVersion = "Xcode 9.3";
			developmentRegion = en;
			hasScannedForEncodings = 0;
			knownRegions = (
				en,
				Base,
			);
			mainGroup = QQZG4O4UMXPTSM5E8AUOT612;
			productRefGroup = XM0BWR4QQQA1ZCR7DQCKG5YZ /* Products */;
			projectDirPath = "";
			projectRoot = "";
			targets = (
				MWP4PLJNBDB74EU03M8BQALR /* Runner */,
				4QM6UKA4J2G2REAJQ6BQVJUO /* RunnerTests */,
				ZTEI8TTFAKCF99WC7H49D0WX /* Flutter Assemble */,
			);
		};
/* End PBXProject section */

/* Begin PBXResourcesBuildPhase section */
		IFK7BF200232EK9KLA4M38HI /* Resources */ = {
			isa = PBXResourcesBuildPhase;
			buildActionMask = 2147483647;
			files = (
			);
			runOnlyForDeploymentPostprocessing = 0;
		};
		ZOVB8D9O0NP81V98RXHXCWJI /* Resources */ = {
			isa = PBXResourcesBuildPhase;
			buildActionMask = 2147483647;
			files = (
				UVPCOEFTA72EC5GCC69MUVR5 /* Assets.xcassets in Resources */,
				PJ1FROD6XKPNG53FCRDAK30V /* MainMenu.xib in Resources */,
			);
			runOnlyForDeploymentPostprocessing = 0;
		};
/* End PBXResourcesBuildPhase section */

/* Begin PBXShellScriptBuildPhase section */
		RHEO9ZZVO6A0TKIL7KIG2PDH /* ShellScript */ = {
			isa = PBXShellScriptBuildPhase;
			alwaysOutOfDate = 1;
			buildActionMask = 2147483647;
			files = (
			);
			inputFileListPaths = (
			);
			inputPaths = (
			);
			outputFileListPaths = (
			);
			outputPaths = (
			);
			runOnlyForDeploymentPostprocessing = 0;
			shellPath = /bin/sh;
			shellScript = "echo \"$PRODUCT_NAME.app\" > \"$PROJECT_DIR\"/Flutter/ephemeral/.app_filename && \"$FLUTTER_ROOT\"/packages/flutter_tools/bin/macos_assemble.sh embed\n";
		};
		Z4ZW6O7RZO0WG6HDM6MAKNIA /* ShellScript */ = {
			isa = PBXShellScriptBuildPhase;
			buildActionMask = 2147483647;
			files = (
			);
			inputFileListPaths = (
				Flutter/ephemeral/FlutterInputs.xcfilelist,
			);
			inputPaths = (
				Flutter/ephemeral/tripwire,
			);
			outputFileListPaths = (
				Flutter/ephemeral/FlutterOutputs.xcfilelist,
			);
			outputPaths = (
			);
			runOnlyForDeploymentPostprocessing = 0;
			shellPath = /bin/sh;
			shellScript = "\"$FLUTTER_ROOT\"/packages/flutter_tools/bin/macos_assemble.sh && touch Flutter/ephemeral/tripwire";
		};
/* End PBXShellScriptBuildPhase section */

/* Begin PBXSourcesBuildPhase section */
		T6JT855R6OUN6SUHJWKORWED /* Sources */ = {
			isa = PBXSourcesBuildPhase;
			buildActionMask = 2147483647;
			files = (
				90BPII780XGJRV2CRQ0JA9OL /* RunnerTests.swift in Sources */,
			);
			runOnlyForDeploymentPostprocessing = 0;
		};
		GOTT1RUX6DVUZLC8573SO8OL /* Sources */ = {
			isa = PBXSourcesBuildPhase;
			buildActionMask = 2147483647;
			files = (
				6WMTPXOBHVBINJKOYZA8R68K /* MainFlutterWindow.swift in Sources */,
				CFB2967ZF1YLN7UNWNYQD6D8 /* AppDelegate.swift in Sources */,
				QEXVJL3Z9SE458JLK3Q769GE /* GeneratedPluginRegistrant.swift in Sources */,
			);
			runOnlyForDeploymentPostprocessing = 0;
		};
/* End PBXSourcesBuildPhase section */

/* Begin PBXTargetDependency section */
		793RX6HSTIO4ALXCDX2QSPEI /* PBXTargetDependency */ = {
			isa = PBXTargetDependency;
			target = MWP4PLJNBDB74EU03M8BQALR /* Runner */;
			targetProxy = J5ZL03MYCCUNBVNXI4GKZ4YV /* PBXContainerItemProxy */;
		};
		923CCYP458K1HOZXJKO3489K /* PBXTargetDependency */ = {
			isa = PBXTargetDependency;
			target = ZTEI8TTFAKCF99WC7H49D0WX /* Flutter Assemble */;
			targetProxy = 8N2DFXI4EAAGU1AEP6XIYORI /* PBXContainerItemProxy */;
		};
/* End PBXTargetDependency section */

/* Begin PBXVariantGroup section */
		FXOB6DO3SH6MB9FG66VHK8XO /* MainMenu.xib */ = {
			isa = PBXVariantGroup;
			children = (
				91A70DAAEKEV06GMFULF1PD7 /* Base */,
			);
			name = MainMenu.xib;
			path = Runner;
			sourceTree = "<group>";
		};
/* End PBXVariantGroup section */

/* Begin XCBuildConfiguration section */
		X6EMUNFR3Z7HOM53MHV9EIDQ /* Debug */ = {
			isa = XCBuildConfiguration;
			buildSettings = {
				BUNDLE_LOADER = "$(TEST_HOST)";
				CURRENT_PROJECT_VERSION = 1;
				GENERATE_INFOPLIST_FILE = YES;
				MARKETING_VERSION = 1.0;
				PRODUCT_BUNDLE_IDENTIFIER = com.example.aiban.RunnerTests;
				PRODUCT_NAME = "$(TARGET_NAME)";
				SWIFT_VERSION = 5.0;
				TEST_HOST = "$(BUILT_PRODUCTS_DIR)/aiban.app/$(BUNDLE_EXECUTABLE_FOLDER_PATH)/aiban";
			};
			name = Debug;
		};
		W0L7466Y9URLKJXA6S992LPL /* Release */ = {
			isa = XCBuildConfiguration;
			buildSettings = {
				BUNDLE_LOADER = "$(TEST_HOST)";
				CURRENT_PROJECT_VERSION = 1;
				GENERATE_INFOPLIST_FILE = YES;
				MARKETING_VERSION = 1.0;
				PRODUCT_BUNDLE_IDENTIFIER = com.example.aiban.RunnerTests;
				PRODUCT_NAME = "$(TARGET_NAME)";
				SWIFT_VERSION = 5.0;
				TEST_HOST = "$(BUILT_PRODUCTS_DIR)/aiban.app/$(BUNDLE_EXECUTABLE_FOLDER_PATH)/aiban";
			};
			name = Release;
		};
		2OZ3OZ9TYQ71J06MANJLI8KZ /* Profile */ = {
			isa = XCBuildConfiguration;
			buildSettings = {
				BUNDLE_LOADER = "$(TEST_HOST)";
				CURRENT_PROJECT_VERSION = 1;
				GENERATE_INFOPLIST_FILE = YES;
				MARKETING_VERSION = 1.0;
				PRODUCT_BUNDLE_IDENTIFIER = com.example.aiban.RunnerTests;
				PRODUCT_NAME = "$(TARGET_NAME)";
				SWIFT_VERSION = 5.0;
				TEST_HOST = "$(BUILT_PRODUCTS_DIR)/aiban.app/$(BUNDLE_EXECUTABLE_FOLDER_PATH)/aiban";
			};
			name = Profile;
		};
		5I1PMAUHIORSX3QCCT6A29W8 /* Profile */ = {
			isa = XCBuildConfiguration;
			baseConfigurationReference = 9GW1ZBM9NNAMY6GQX3B9L766 /* Release.xcconfig */;
			buildSettings = {
				ALWAYS_SEARCH_USER_PATHS = NO;
				ASSETCATALOG_COMPILER_GENERATE_SWIFT_ASSET_SYMBOL_EXTENSIONS = YES;
				CLANG_ANALYZER_NONNULL = YES;
				CLANG_ANALYZER_NUMBER_OBJECT_CONVERSION = YES_AGGRESSIVE;
				CLANG_CXX_LANGUAGE_STANDARD = "gnu++14";
				CLANG_CXX_LIBRARY = "libc++";
				CLANG_ENABLE_MODULES = YES;
				CLANG_ENABLE_OBJC_ARC = YES;
				CLANG_WARN_BLOCK_CAPTURE_AUTORELEASING = YES;
				CLANG_WARN_BOOL_CONVERSION = YES;
				CLANG_WARN_CONSTANT_CONVERSION = YES;
				CLANG_WARN_DEPRECATED_OBJC_IMPLEMENTATIONS = YES;
				CLANG_WARN_DIRECT_OBJC_ISA_USAGE = YES_ERROR;
				CLANG_WARN_DOCUMENTATION_COMMENTS = YES;
				CLANG_WARN_EMPTY_BODY = YES;
				CLANG_WARN_ENUM_CONVERSION = YES;
				CLANG_WARN_INFINITE_RECURSION = YES;
				CLANG_WARN_INT_CONVERSION = YES;
				CLANG_WARN_NON_LITERAL_NULL_CONVERSION = YES;
				CLANG_WARN_OBJC_LITERAL_CONVERSION = YES;
				CLANG_WARN_OBJC_ROOT_CLASS = YES_ERROR;
				CLANG_WARN_RANGE_LOOP_ANALYSIS = YES;
				CLANG_WARN_SUSPICIOUS_MOVE = YES;
				CODE_SIGN_IDENTITY = "-";
				COPY_PHASE_STRIP = NO;
				DEAD_CODE_STRIPPING = YES;
				DEBUG_INFORMATION_FORMAT = "dwarf-with-dsym";
				ENABLE_NS_ASSERTIONS = NO;
				ENABLE_STRICT_OBJC_MSGSEND = YES;
				ENABLE_USER_SCRIPT_SANDBOXING = NO;
				GCC_C_LANGUAGE_STANDARD = gnu11;
				GCC_NO_COMMON_BLOCKS = YES;
				GCC_WARN_64_TO_32_BIT_CONVERSION = YES;
				GCC_WARN_ABOUT_RETURN_TYPE = YES_ERROR;
				GCC_WARN_UNINITIALIZED_AUTOS = YES_AGGRESSIVE;
				GCC_WARN_UNUSED_FUNCTION = YES;
				GCC_WARN_UNUSED_VARIABLE = YES;
				MACOSX_DEPLOYMENT_TARGET = 10.14;
				MTL_ENABLE_DEBUG_INFO = NO;
				SDKROOT = macosx;
				SWIFT_COMPILATION_MODE = wholemodule;
				SWIFT_OPTIMIZATION_LEVEL = "-O";
			};
			name = Profile;
		};
		8212GO17DE7VG7OSF7WAQT62 /* Profile */ = {
			isa = XCBuildConfiguration;
			baseConfigurationReference = 1EAII2EBX1FYHO409ZJFS5QO /* AppInfo.xcconfig */;
			buildSettings = {
				ASSETCATALOG_COMPILER_APPICON_NAME = AppIcon;
				CLANG_ENABLE_MODULES = YES;
				CODE_SIGN_ENTITLEMENTS = Runner/DebugProfile.entitlements;
				CODE_SIGN_STYLE = Automatic;
				COMBINE_HIDPI_IMAGES = YES;
				INFOPLIST_FILE = Runner/Info.plist;
				LD_RUNPATH_SEARCH_PATHS = (
					"$(inherited)",
					"@executable_path/../Frameworks",
				);
				PROVISIONING_PROFILE_SPECIFIER = "";
				SWIFT_VERSION = 5.0;
			};
			name = Profile;
		};
		GBX7RJOP4TOSEYMSHRF918LQ /* Profile */ = {
			isa = XCBuildConfiguration;
			buildSettings = {
				CODE_SIGN_STYLE = Manual;
				PRODUCT_NAME = "$(TARGET_NAME)";
			};
			name = Profile;
		};
		0A5M2CZK7UR25JO7WHSHFGD0 /* Debug */ = {
			isa = XCBuildConfiguration;
			baseConfigurationReference = E799WDPDLBSP4G03HAMY8I9K /* Debug.xcconfig */;
			buildSettings = {
				ALWAYS_SEARCH_USER_PATHS = NO;
				ASSETCATALOG_COMPILER_GENERATE_SWIFT_ASSET_SYMBOL_EXTENSIONS = YES;
				CLANG_ANALYZER_NONNULL = YES;
				CLANG_ANALYZER_NUMBER_OBJECT_CONVERSION = YES_AGGRESSIVE;
				CLANG_CXX_LANGUAGE_STANDARD = "gnu++14";
				CLANG_CXX_LIBRARY = "libc++";
				CLANG_ENABLE_MODULES = YES;
				CLANG_ENABLE_OBJC_ARC = YES;
				CLANG_WARN_BLOCK_CAPTURE_AUTORELEASING = YES;
				CLANG_WARN_BOOL_CONVERSION = YES;
				CLANG_WARN_CONSTANT_CONVERSION = YES;
				CLANG_WARN_DEPRECATED_OBJC_IMPLEMENTATIONS = YES;
				CLANG_WARN_DIRECT_OBJC_ISA_USAGE = YES_ERROR;
				CLANG_WARN_DOCUMENTATION_COMMENTS = YES;
				CLANG_WARN_EMPTY_BODY = YES;
				CLANG_WARN_ENUM_CONVERSION = YES;
				CLANG_WARN_INFINITE_RECURSION = YES;
				CLANG_WARN_INT_CONVERSION = YES;
				CLANG_WARN_NON_LITERAL_NULL_CONVERSION = YES;
				CLANG_WARN_OBJC_LITERAL_CONVERSION = YES;
				CLANG_WARN_OBJC_ROOT_CLASS = YES_ERROR;
				CLANG_WARN_RANGE_LOOP_ANALYSIS = YES;
				CLANG_WARN_SUSPICIOUS_MOVE = YES;
				CODE_SIGN_IDENTITY = "-";
				COPY_PHASE_STRIP = NO;
				DEAD_CODE_STRIPPING = YES;
				DEBUG_INFORMATION_FORMAT = dwarf;
				ENABLE_STRICT_OBJC_MSGSEND = YES;
				ENABLE_TESTABILITY = YES;
				ENABLE_USER_SCRIPT_SANDBOXING = NO;
				GCC_C_LANGUAGE_STANDARD = gnu11;
				GCC_DYNAMIC_NO_PIC = NO;
				GCC_NO_COMMON_BLOCKS = YES;
				GCC_OPTIMIZATION_LEVEL = 0;
				GCC_PREPROCESSOR_DEFINITIONS = (
					"DEBUG=1",
					"$(inherited)",
				);
				GCC_WARN_64_TO_32_BIT_CONVERSION = YES;
				GCC_WARN_ABOUT_RETURN_TYPE = YES_ERROR;
				GCC_WARN_UNINITIALIZED_AUTOS = YES_AGGRESSIVE;
				GCC_WARN_UNUSED_FUNCTION = YES;
				GCC_WARN_UNUSED_VARIABLE = YES;
				MACOSX_DEPLOYMENT_TARGET = 10.14;
				MTL_ENABLE_DEBUG_INFO = YES;
				ONLY_ACTIVE_ARCH = YES;
				SDKROOT = macosx;
				SWIFT_ACTIVE_COMPILATION_CONDITIONS = DEBUG;
				SWIFT_OPTIMIZATION_LEVEL = "-Onone";
			};
			name = Debug;
		};
		E731A2TO6V2DG0C3VLFIMRQO /* Release */ = {
			isa = XCBuildConfiguration;
			baseConfigurationReference = 9GW1ZBM9NNAMY6GQX3B9L766 /* Release.xcconfig */;
			buildSettings = {
				ALWAYS_SEARCH_USER_PATHS = NO;
				ASSETCATALOG_COMPILER_GENERATE_SWIFT_ASSET_SYMBOL_EXTENSIONS = YES;
				CLANG_ANALYZER_NONNULL = YES;
				CLANG_ANALYZER_NUMBER_OBJECT_CONVERSION = YES_AGGRESSIVE;
				CLANG_CXX_LANGUAGE_STANDARD = "gnu++14";
				CLANG_CXX_LIBRARY = "libc++";
				CLANG_ENABLE_MODULES = YES;
				CLANG_ENABLE_OBJC_ARC = YES;
				CLANG_WARN_BLOCK_CAPTURE_AUTORELEASING = YES;
				CLANG_WARN_BOOL_CONVERSION = YES;
				CLANG_WARN_CONSTANT_CONVERSION = YES;
				CLANG_WARN_DEPRECATED_OBJC_IMPLEMENTATIONS = YES;
				CLANG_WARN_DIRECT_OBJC_ISA_USAGE = YES_ERROR;
				CLANG_WARN_DOCUMENTATION_COMMENTS = YES;
				CLANG_WARN_EMPTY_BODY = YES;
				CLANG_WARN_ENUM_CONVERSION = YES;
				CLANG_WARN_INFINITE_RECURSION = YES;
				CLANG_WARN_INT_CONVERSION = YES;
				CLANG_WARN_NON_LITERAL_NULL_CONVERSION = YES;
				CLANG_WARN_OBJC_LITERAL_CONVERSION = YES;
				CLANG_WARN_OBJC_ROOT_CLASS = YES_ERROR;
				CLANG_WARN_RANGE_LOOP_ANALYSIS = YES;
				CLANG_WARN_SUSPICIOUS_MOVE = YES;
				CODE_SIGN_IDENTITY = "-";
				COPY_PHASE_STRIP = NO;
				DEAD_CODE_STRIPPING = YES;
				DEBUG_INFORMATION_FORMAT = "dwarf-with-dsym";
				ENABLE_NS_ASSERTIONS = NO;
				ENABLE_STRICT_OBJC_MSGSEND = YES;
				ENABLE_USER_SCRIPT_SANDBOXING = NO;
				GCC_C_LANGUAGE_STANDARD = gnu11;
				GCC_NO_COMMON_BLOCKS = YES;
				GCC_WARN_64_TO_32_BIT_CONVERSION = YES;
				GCC_WARN_ABOUT_RETURN_TYPE = YES_ERROR;
				GCC_WARN_UNINITIALIZED_AUTOS = YES_AGGRESSIVE;
				GCC_WARN_UNUSED_FUNCTION = YES;
				GCC_WARN_UNUSED_VARIABLE = YES;
				MACOSX_DEPLOYMENT_TARGET = 10.14;
				MTL_ENABLE_DEBUG_INFO = NO;
				SDKROOT = macosx;
				SWIFT_COMPILATION_MODE = wholemodule;
				SWIFT_OPTIMIZATION_LEVEL = "-O";
			};
			name = Release;
		};
		AFCGSVYOOTNB02ENPRMG6YJC /* Debug */ = {
			isa = XCBuildConfiguration;
			baseConfigurationReference = 1EAII2EBX1FYHO409ZJFS5QO /* AppInfo.xcconfig */;
			buildSettings = {
				ASSETCATALOG_COMPILER_APPICON_NAME = AppIcon;
				CLANG_ENABLE_MODULES = YES;
				CODE_SIGN_ENTITLEMENTS = Runner/DebugProfile.entitlements;
				CODE_SIGN_STYLE = Automatic;
				COMBINE_HIDPI_IMAGES = YES;
				INFOPLIST_FILE = Runner/Info.plist;
				LD_RUNPATH_SEARCH_PATHS = (
					"$(inherited)",
					"@executable_path/../Frameworks",
				);
				PROVISIONING_PROFILE_SPECIFIER = "";
				SWIFT_OPTIMIZATION_LEVEL = "-Onone";
				SWIFT_VERSION = 5.0;
			};
			name = Debug;
		};
		2WJUUQQQJLK4QNBSZ90S8MNG /* Release */ = {
			isa = XCBuildConfiguration;
			baseConfigurationReference = 1EAII2EBX1FYHO409ZJFS5QO /* AppInfo.xcconfig */;
			buildSettings = {
				ASSETCATALOG_COMPILER_APPICON_NAME = AppIcon;
				CLANG_ENABLE_MODULES = YES;
				CODE_SIGN_ENTITLEMENTS = Runner/Release.entitlements;
				CODE_SIGN_STYLE = Automatic;
				COMBINE_HIDPI_IMAGES = YES;
				INFOPLIST_FILE = Runner/Info.plist;
				LD_RUNPATH_SEARCH_PATHS = (
					"$(inherited)",
					"@executable_path/../Frameworks",
				);
				PROVISIONING_PROFILE_SPECIFIER = "";
				SWIFT_VERSION = 5.0;
			};
			name = Release;
		};
		70D3TM33EQ0U5J25D8UVZ6BM /* Debug */ = {
			isa = XCBuildConfiguration;
			buildSettings = {
				CODE_SIGN_STYLE = Manual;
				PRODUCT_NAME = "$(TARGET_NAME)";
			};
			name = Debug;
		};
		IW3E3Z32YQADA22EDMRRWWY0 /* Release */ = {
			isa = XCBuildConfiguration;
			buildSettings = {
				CODE_SIGN_STYLE = Automatic;
				PRODUCT_NAME = "$(TARGET_NAME)";
			};
			name = Release;
		};
/* End XCBuildConfiguration section */

/* Begin XCConfigurationList section */
		I6725AVFR3P22VZICT1PXUIM /* Build configuration list for PBXNativeTarget "RunnerTests" */ = {
			isa = XCConfigurationList;
			buildConfigurations = (
				X6EMUNFR3Z7HOM53MHV9EIDQ /* Debug */,
				W0L7466Y9URLKJXA6S992LPL /* Release */,
				2OZ3OZ9TYQ71J06MANJLI8KZ /* Profile */,
			);
			defaultConfigurationIsVisible = 0;
			defaultConfigurationName = Release;
		};
		74CH45DESVC2DMBM0XPAH62X /* Build configuration list for PBXProject "Runner" */ = {
			isa = XCConfigurationList;
			buildConfigurations = (
				0A5M2CZK7UR25JO7WHSHFGD0 /* Debug */,
				E731A2TO6V2DG0C3VLFIMRQO /* Release */,
				5I1PMAUHIORSX3QCCT6A29W8 /* Profile */,
			);
			defaultConfigurationIsVisible = 0;
			defaultConfigurationName = Release;
		};
		Z3KOTM78LNQCIMI8E90D1QHL /* Build configuration list for PBXNativeTarget "Runner" */ = {
			isa = XCConfigurationList;
			buildConfigurations = (
				AFCGSVYOOTNB02ENPRMG6YJC /* Debug */,
				2WJUUQQQJLK4QNBSZ90S8MNG /* Release */,
				8212GO17DE7VG7OSF7WAQT62 /* Profile */,
			);
			defaultConfigurationIsVisible = 0;
			defaultConfigurationName = Release;
		};
		SLUE2DHRVG32L7A6JG78SFFJ /* Build configuration list for PBXAggregateTarget "Flutter Assemble" */ = {
			isa = XCConfigurationList;
			buildConfigurations = (
				70D3TM33EQ0U5J25D8UVZ6BM /* Debug */,
				IW3E3Z32YQADA22EDMRRWWY0 /* Release */,
				GBX7RJOP4TOSEYMSHRF918LQ /* Profile */,
			);
			defaultConfigurationIsVisible = 0;
			defaultConfigurationName = Release;
		};
/* End XCConfigurationList section */
	};
	rootObject = I4QAYYBGO22JECYTED1GLYFO /* Project object */;
}
